
Microsoft Visual Studio Solution File, Format Version 12.00
# Visual Studio Version 16
VisualStudioVersion = 16.0.29806.167
MinimumVisualStudioVersion = 10.0.40219.1
Project("{FAE04EC0-301F-11D3-BF4B-00C04F79EFBC}") = "SweepStakes", "SweepStakes\SweepStakes.csproj", "{A51DC118-9DCC-4ADE-8D27-4B1DC5CE0173}"
EndProject
Project("{2150E333-8FDC-42A3-9474-1A3956D46DE8}") = "Solution Items", "Solution Items", "{4807CD2F-8033-4FCE-861B-10722183D0A3}"
	ProjectSection(SolutionItems) = preProject
		Dependancy Injection note.txt = Dependancy Injection note.txt
	EndProjectSection
EndProject
Global
	GlobalSection(SolutionConfigurationPlatforms) = preSolution
		Debug|Any CPU = Debug|Any CPU
		Release|Any CPU = Release|Any CPU
	EndGlobalSection
	GlobalSection(ProjectConfigurationPlatforms) = postSolution
		{A51DC118-9DCC-4ADE-8D27-4B1DC5CE0173}.Debug|Any CPU.ActiveCfg = Debug|Any CPU
		{A51DC118-9DCC-4ADE-8D27-4B1DC5CE0173}.Debug|Any CPU.Build.0 = Debug|Any CPU
		{A51DC118-9DCC-4ADE-8D27-4B1DC5CE0173}.Release|Any CPU.ActiveCfg = Release|Any CPU
		{A51DC118-9DCC-4ADE-8D27-4B1DC5CE0173}.Release|Any CPU.Build.0 = Release|Any CPU
	EndGlobalSection
	GlobalSection(SolutionProperties) = preSolution
		HideSolutionNode = FALSE
	EndGlobalSection
	GlobalSection(ExtensibilityGlobals) = postSolution
		SolutionGuid = {495FB962-FE03-4908-B917-88A624DADFBA}
	EndGlobalSection
EndGlobal
